{
    "_readme": [
        "This file locks the dependencies of your project to a known state",
        "Read more about it at https://getcomposer.org/doc/01-basic-usage.md#composer-lock-the-lock-file",
        "This file is @generated automatically"
    ],
    "content-hash": "b118fa866b233083a3ae6307e37590cd",
    "packages": [
        {
            "name": "gboddin/saltapi",
            "version": "dev-master",
            "source": {
                "type": "git",
                "url": "https://github.com/gboddin/saltapi.git",
                "reference": "56965d24aebdea6bd100b352badbdc809d05c0af"
            },
            "dist": {
                "type": "zip",
                "url": "https://api.github.com/repos/gboddin/saltapi/zipball/56965d24aebdea6bd100b352badbdc809d05c0af",
                "reference": "56965d24aebdea6bd100b352badbdc809d05c0af",
                "shasum": ""
            },
            "type": "library",
            "autoload": {
                "psr-4": {
                    "SaltApi\\": "src"
                }
            },
            "notification-url": "https://packagist.org/downloads/",
            "license": [
                "MIT"
            ],
            "authors": [
                {
                    "name": "Chris Naegelin",
                    "email": "naegelin@gmail.com"
                },
                {
                    "name": "Gregory Boddin",
                    "email": "gregory@siwhine.net"
                }
            ],
            "description": "This is a PHP client for talking to the restful endpoint of Salt Stack",
            "time": "2016-10-13T17:10:15+00:00"
        },
        {
            "name": "phpdrone/drone-plugin-sdk",
            "version": "0.1.4",
            "source": {
                "type": "git",
                "url": "https://github.com/phpdrone/drone-plugin-sdk.git",
                "reference": "d6e7a155a580d5e2324b37e727ef97b59350fec5"
            },
            "dist": {
                "type": "zip",
                "url": "https://api.github.com/repos/phpdrone/drone-plugin-sdk/zipball/d6e7a155a580d5e2324b37e727ef97b59350fec5",
                "reference": "d6e7a155a580d5e2324b37e727ef97b59350fec5",
                "shasum": ""
            },
            "type": "library",
            "autoload": {
                "psr-4": {
                    "DronePluginSdk\\": "src"
                }
            },
            "notification-url": "https://packagist.org/downloads/",
            "time": "2018-02-28T23:03:05+00:00"
        }
    ],
    "packages-dev": [],
    "aliases": [],
    "minimum-stability": "stable",
    "stability-flags": {
        "gboddin/saltapi": 20
    },
    "prefer-stable": false,
    "prefer-lowest": false,
    "platform": [],
    "platform-dev": []
}
