{
    "_readme": [
        "This file locks the dependencies of your project to a known state",
        "Read more about it at https://getcomposer.org/doc/01-basic-usage.md#composer-lock-the-lock-file",
        "This file is @generated automatically"
    ],
    "content-hash": "7aa85ad931965fbcb60a35cc595248d8",
    "packages": [
        {
            "name": "naegelin/saltapi",
            "version": "dev-master",
            "source": {
                "type": "git",
                "url": "https://github.com/naegelin/saltapi.git",
                "reference": "ebcda9b94c380db691bbcce83602dea3769beccc"
            },
            "dist": {
                "type": "zip",
                "url": "https://api.github.com/repos/naegelin/saltapi/zipball/ebcda9b94c380db691bbcce83602dea3769beccc",
                "reference": "ebcda9b94c380db691bbcce83602dea3769beccc",
                "shasum": ""
            },
            "type": "library",
            "autoload": {
                "psr-0": {
                    "naegelin\\SaltClient": "src"
                }
            },
            "notification-url": "https://packagist.org/downloads/",
            "license": [
                "MIT"
            ],
            "authors": [
                {
                    "name": "Chris Naegelin",
                    "email": "naegelin@gmail.com"
                }
            ],
            "description": "This is a PHP client for talking to the restful endpoint of Salt Stack",
            "time": "2016-04-04T20:54:37+00:00"
        },
        {
            "name": "phpdrone/drone-plugin-sdk",
            "version": "0.1.4",
            "source": {
                "type": "git",
                "url": "https://github.com/phpdrone/drone-plugin-sdk.git",
                "reference": "d6e7a155a580d5e2324b37e727ef97b59350fec5"
            },
            "dist": {
                "type": "zip",
                "url": "https://api.github.com/repos/phpdrone/drone-plugin-sdk/zipball/d6e7a155a580d5e2324b37e727ef97b59350fec5",
                "reference": "d6e7a155a580d5e2324b37e727ef97b59350fec5",
                "shasum": ""
            },
            "type": "library",
            "autoload": {
                "psr-4": {
                    "DronePluginSdk\\": "src"
                }
            },
            "notification-url": "https://packagist.org/downloads/",
            "time": "2018-02-28T23:03:05+00:00"
        }
    ],
    "packages-dev": [],
    "aliases": [],
    "minimum-stability": "stable",
    "stability-flags": {
        "naegelin/saltapi": 20
    },
    "prefer-stable": false,
    "prefer-lowest": false,
    "platform": [],
    "platform-dev": []
}
